
Microsoft Visual Studio Solution File, Format Version 12.00
# Visual Studio Version 17
VisualStudioVersion = 17.0.32126.317
MinimumVisualStudioVersion = 10.0.40219.1
Project("{9A19103F-16F7-4668-BE54-9A1E7A4F7556}") = "AspNetAB", "AspNetAB.csproj", "{193EBB03-A390-451F-A742-739B45ADDFF3}"
EndProject
Global
	GlobalSection(SolutionConfigurationPlatforms) = preSolution
		Debug|Any CPU = Debug|Any CPU
		Release|Any CPU = Release|Any CPU
	EndGlobalSection
	GlobalSection(ProjectConfigurationPlatforms) = postSolution
		{193EBB03-A390-451F-A742-739B45ADDFF3}.Debug|Any CPU.ActiveCfg = Debug|Any CPU
		{193EBB03-A390-451F-A742-739B45ADDFF3}.Debug|Any CPU.Build.0 = Debug|Any CPU
		{193EBB03-A390-451F-A742-739B45ADDFF3}.Release|Any CPU.ActiveCfg = Release|Any CPU
		{193EBB03-A390-451F-A742-739B45ADDFF3}.Release|Any CPU.Build.0 = Release|Any CPU
	EndGlobalSection
	GlobalSection(SolutionProperties) = preSolution
		HideSolutionNode = FALSE
	EndGlobalSection
	GlobalSection(ExtensibilityGlobals) = postSolution
		SolutionGuid = {DAD4C9A3-A616-4D6A-9B2A-652370D1C973}
	EndGlobalSection
EndGlobal
